
Microsoft Visual Studio Solution File, Format Version 12.00
# Visual Studio Version 17
VisualStudioVersion = 17.14.36221.1 d17.14
MinimumVisualStudioVersion = 10.0.40219.1
Project("{FAE04EC0-301F-11D3-BF4B-00C04F79EFBC}") = "ApiCorreos", "ApiCorreos.csproj", "{F5E73D25-735E-42C6-85D3-260262755FDA}"
EndProject
Global
	GlobalSection(SolutionConfigurationPlatforms) = preSolution
		Debug|Any CPU = Debug|Any CPU
		Release|Any CPU = Release|Any CPU
	EndGlobalSection
	GlobalSection(ProjectConfigurationPlatforms) = postSolution
		{F5E73D25-735E-42C6-85D3-260262755FDA}.Debug|Any CPU.ActiveCfg = Debug|Any CPU
		{F5E73D25-735E-42C6-85D3-260262755FDA}.Debug|Any CPU.Build.0 = Debug|Any CPU
		{F5E73D25-735E-42C6-85D3-260262755FDA}.Release|Any CPU.ActiveCfg = Release|Any CPU
		{F5E73D25-735E-42C6-85D3-260262755FDA}.Release|Any CPU.Build.0 = Release|Any CPU
	EndGlobalSection
	GlobalSection(SolutionProperties) = preSolution
		HideSolutionNode = FALSE
	EndGlobalSection
	GlobalSection(ExtensibilityGlobals) = postSolution
		SolutionGuid = {1FAAFC47-E65A-45D3-9DBA-0E7B00A2F604}
	EndGlobalSection
EndGlobal
